
Microsoft Visual Studio Solution File, Format Version 12.00
# Visual Studio 15
VisualStudioVersion = 15.0.28307.168
MinimumVisualStudioVersion = 10.0.40219.1
Project("{FAE04EC0-301F-11D3-BF4B-00C04F79EFBC}") = "HubTester", "HubTester\HubTester.csproj", "{89C84346-B349-4CAC-82A4-0B691E79E9AB}"
EndProject
Project("{FAE04EC0-301F-11D3-BF4B-00C04F79EFBC}") = "Centralite.Database", "manufacturing_common\Centralite.Database\Centralite.Database.csproj", "{A4B77291-3076-425B-9B0A-390DE2249FFC}"
EndProject
Global
	GlobalSection(SolutionConfigurationPlatforms) = preSolution
		Debug|Any CPU = Debug|Any CPU
		Release|Any CPU = Release|Any CPU
	EndGlobalSection
	GlobalSection(ProjectConfigurationPlatforms) = postSolution
		{89C84346-B349-4CAC-82A4-0B691E79E9AB}.Debug|Any CPU.ActiveCfg = Debug|Any CPU
		{89C84346-B349-4CAC-82A4-0B691E79E9AB}.Debug|Any CPU.Build.0 = Debug|Any CPU
		{89C84346-B349-4CAC-82A4-0B691E79E9AB}.Release|Any CPU.ActiveCfg = Release|Any CPU
		{89C84346-B349-4CAC-82A4-0B691E79E9AB}.Release|Any CPU.Build.0 = Release|Any CPU
		{A4B77291-3076-425B-9B0A-390DE2249FFC}.Debug|Any CPU.ActiveCfg = Debug|Any CPU
		{A4B77291-3076-425B-9B0A-390DE2249FFC}.Debug|Any CPU.Build.0 = Debug|Any CPU
		{A4B77291-3076-425B-9B0A-390DE2249FFC}.Release|Any CPU.ActiveCfg = Release|Any CPU
		{A4B77291-3076-425B-9B0A-390DE2249FFC}.Release|Any CPU.Build.0 = Release|Any CPU
	EndGlobalSection
	GlobalSection(SolutionProperties) = preSolution
		HideSolutionNode = FALSE
	EndGlobalSection
	GlobalSection(ExtensibilityGlobals) = postSolution
		SolutionGuid = {8E73FAEB-6D51-4B77-8DAB-226A41412F83}
	EndGlobalSection
EndGlobal
